{
  "name": "aoc2018",
  "version": "0.1.0",
  "lockfileVersion": 1,
  "requires": true,
  "dependencies": {
    "bs-node": {
      "version": "github:reasonml-community/bs-node#20ef6d2d7c00e923aba33b0629ca5623a4460712",
      "from": "github:reasonml-community/bs-node"
    },
    "bs-platform": {
      "version": "4.0.7",
      "resolved": "https://registry.npmjs.org/bs-platform/-/bs-platform-4.0.7.tgz",
      "integrity": "sha512-39ZXSugB03PznE7eSVwxq5z4S8Cn44r22T2eFd7rgFQ94HaB/mCNHXG0epF3mJLYhhhyPT9w3e/t+FAIjSdAkg==",
      "dev": true
    },
    "rationale": {
      "version": "0.1.9",
      "resolved": "https://registry.npmjs.org/rationale/-/rationale-0.1.9.tgz",
      "integrity": "sha512-tKnLk0dqOpyjWpjB0WX5e98PL+F8rTA1PGdiDchn+n7tCDPaa48Fw6HezCMvpG4ZRkUcL0EzpF2hdu1WfCsqTQ=="
    }
  }
}
